
Microsoft Visual Studio Solution File, Format Version 12.00
# Visual Studio Version 18
VisualStudioVersion = 18.5.11709.299 stable
MinimumVisualStudioVersion = 10.0.40219.1
Project("{FAE04EC0-301F-11D3-BF4B-00C04F79EFBC}") = "Diplom", "Diplom.csproj", "{0DA8638B-5FFD-40EC-B82E-EDCDFDF76C87}"
EndProject
Project("{FAE04EC0-301F-11D3-BF4B-00C04F79EFBC}") = "ClassLibrary2", "..\..\ClassLibrary2\ClassLibrary2\ClassLibrary2.csproj", "{34A7BFC1-E707-4C6D-A48F-46356B1437E2}"
EndProject
Project("{FAE04EC0-301F-11D3-BF4B-00C04F79EFBC}") = "AuthUiLibrary", "..\AuthUiLibrary\AuthUiLibrary.csproj", "{C0260F15-5DDE-41B3-A817-D8D09979AD12}"
EndProject
Global
	GlobalSection(SolutionConfigurationPlatforms) = preSolution
		Debug|Any CPU = Debug|Any CPU
		Debug|x64 = Debug|x64
		Release|Any CPU = Release|Any CPU
		Release|x64 = Release|x64
	EndGlobalSection
	GlobalSection(ProjectConfigurationPlatforms) = postSolution
		{0DA8638B-5FFD-40EC-B82E-EDCDFDF76C87}.Debug|Any CPU.ActiveCfg = Debug|Any CPU
		{0DA8638B-5FFD-40EC-B82E-EDCDFDF76C87}.Debug|Any CPU.Build.0 = Debug|Any CPU
		{0DA8638B-5FFD-40EC-B82E-EDCDFDF76C87}.Debug|x64.ActiveCfg = Debug|x64
		{0DA8638B-5FFD-40EC-B82E-EDCDFDF76C87}.Debug|x64.Build.0 = Debug|x64
		{0DA8638B-5FFD-40EC-B82E-EDCDFDF76C87}.Release|Any CPU.ActiveCfg = Release|Any CPU
		{0DA8638B-5FFD-40EC-B82E-EDCDFDF76C87}.Release|Any CPU.Build.0 = Release|Any CPU
		{0DA8638B-5FFD-40EC-B82E-EDCDFDF76C87}.Release|x64.ActiveCfg = Release|x64
		{0DA8638B-5FFD-40EC-B82E-EDCDFDF76C87}.Release|x64.Build.0 = Release|x64
		{34A7BFC1-E707-4C6D-A48F-46356B1437E2}.Debug|Any CPU.ActiveCfg = Debug|Any CPU
		{34A7BFC1-E707-4C6D-A48F-46356B1437E2}.Debug|Any CPU.Build.0 = Debug|Any CPU
		{34A7BFC1-E707-4C6D-A48F-46356B1437E2}.Debug|x64.ActiveCfg = Debug|Any CPU
		{34A7BFC1-E707-4C6D-A48F-46356B1437E2}.Debug|x64.Build.0 = Debug|Any CPU
		{34A7BFC1-E707-4C6D-A48F-46356B1437E2}.Release|Any CPU.ActiveCfg = Release|Any CPU
		{34A7BFC1-E707-4C6D-A48F-46356B1437E2}.Release|Any CPU.Build.0 = Release|Any CPU
		{34A7BFC1-E707-4C6D-A48F-46356B1437E2}.Release|x64.ActiveCfg = Release|Any CPU
		{34A7BFC1-E707-4C6D-A48F-46356B1437E2}.Release|x64.Build.0 = Release|Any CPU
		{C0260F15-5DDE-41B3-A817-D8D09979AD12}.Debug|Any CPU.ActiveCfg = Debug|Any CPU
		{C0260F15-5DDE-41B3-A817-D8D09979AD12}.Debug|Any CPU.Build.0 = Debug|Any CPU
		{C0260F15-5DDE-41B3-A817-D8D09979AD12}.Debug|x64.ActiveCfg = Debug|Any CPU
		{C0260F15-5DDE-41B3-A817-D8D09979AD12}.Debug|x64.Build.0 = Debug|Any CPU
		{C0260F15-5DDE-41B3-A817-D8D09979AD12}.Release|Any CPU.ActiveCfg = Release|Any CPU
		{C0260F15-5DDE-41B3-A817-D8D09979AD12}.Release|Any CPU.Build.0 = Release|Any CPU
		{C0260F15-5DDE-41B3-A817-D8D09979AD12}.Release|x64.ActiveCfg = Release|Any CPU
		{C0260F15-5DDE-41B3-A817-D8D09979AD12}.Release|x64.Build.0 = Release|Any CPU
	EndGlobalSection
	GlobalSection(SolutionProperties) = preSolution
		HideSolutionNode = FALSE
	EndGlobalSection
	GlobalSection(ExtensibilityGlobals) = postSolution
		SolutionGuid = {0A2B607A-9B05-4535-BFD4-C4D04D20E5BA}
	EndGlobalSection
EndGlobal
